
Microsoft Visual Studio Solution File, Format Version 12.00
# Visual Studio Version 16
VisualStudioVersion = 16.0.30804.86
MinimumVisualStudioVersion = 10.0.40219.1
Project("{FAE04EC0-301F-11D3-BF4B-00C04F79EFBC}") = "andruinoCtr", "andruinoCtr\andruinoCtr.csproj", "{2C01C2A7-675C-4021-8BCF-A1F19E403E86}"
EndProject
Global
	GlobalSection(SolutionConfigurationPlatforms) = preSolution
		Debug|Any CPU = Debug|Any CPU
		Release|Any CPU = Release|Any CPU
	EndGlobalSection
	GlobalSection(ProjectConfigurationPlatforms) = postSolution
		{2C01C2A7-675C-4021-8BCF-A1F19E403E86}.Debug|Any CPU.ActiveCfg = Debug|Any CPU
		{2C01C2A7-675C-4021-8BCF-A1F19E403E86}.Debug|Any CPU.Build.0 = Debug|Any CPU
		{2C01C2A7-675C-4021-8BCF-A1F19E403E86}.Release|Any CPU.ActiveCfg = Release|Any CPU
		{2C01C2A7-675C-4021-8BCF-A1F19E403E86}.Release|Any CPU.Build.0 = Release|Any CPU
	EndGlobalSection
	GlobalSection(SolutionProperties) = preSolution
		HideSolutionNode = FALSE
	EndGlobalSection
	GlobalSection(ExtensibilityGlobals) = postSolution
		SolutionGuid = {8325C7C9-806B-4C8B-A2D6-2D105B572A11}
	EndGlobalSection
EndGlobal
